{
  "version": 4,
  "terraform_version": "1.4.3",
  "serial": 1,
  "lineage": "4582dc0c-0904-903a-6d21-87264577e4f1",
  "outputs": {},
  "resources": [
    {
      "mode": "managed",
      "type": "pinecone_index",
      "name": "test",
      "provider": "provider[\"registry.terraform.io/biosugar0/pinecone\"]",
      "instances": [
        {
          "schema_version": 0,
          "attributes": {
            "dimension": 1536,
            "id": "test",
            "last_updated": "Sunday, 09-Apr-23 16:32:45 JST",
            "metric": "dotproduct",
            "name": "test",
            "pod_type": "p1.x1",
            "pods": 1,
            "replicas": 1
          },
          "sensitive_attributes": []
        }
      ]
    }
  ],
  "check_results": null
}
